
Microsoft Visual Studio Solution File, Format Version 12.00
# Visual Studio Version 17
VisualStudioVersion = 17.0.31903.59
MinimumVisualStudioVersion = 10.0.40219.1
Project("{FAE04EC0-301F-11D3-BF4B-00C04F79EFBC}") = "GamersWorld.SDK", "GamersWorld.SDK\GamersWorld.SDK.csproj", "{0EBBFDDE-478F-49BF-9640-175926F7AFE1}"
EndProject
Project("{FAE04EC0-301F-11D3-BF4B-00C04F79EFBC}") = "GamersWorld.AppEvents", "GamersWorld.AppEvents\GamersWorld.AppEvents.csproj", "{C7E42D5B-1189-4AAC-9551-A16FC9472D6C}"
EndProject
Project("{FAE04EC0-301F-11D3-BF4B-00C04F79EFBC}") = "GamersWorld.AppEventBusiness", "GamersWorld.AppEventBusiness\GamersWorld.AppEventBusiness.csproj", "{000D5101-CB24-44CC-B9FB-2239CD3DF739}"
EndProject
Project("{FAE04EC0-301F-11D3-BF4B-00C04F79EFBC}") = "GamersWorld.EventHost", "GamersWorld.EventHost\GamersWorld.EventHost.csproj", "{9CF7EEF6-E7C4-4DBF-9E71-ACDB77DC276F}"
EndProject
Project("{FAE04EC0-301F-11D3-BF4B-00C04F79EFBC}") = "Kahin.ReportingService", "Kahin.ReportingService\Kahin.ReportingService.csproj", "{178D1E07-E1E3-4ACE-95E6-1BA640A1E1FE}"
EndProject
Global
	GlobalSection(SolutionConfigurationPlatforms) = preSolution
		Debug|Any CPU = Debug|Any CPU
		Release|Any CPU = Release|Any CPU
	EndGlobalSection
	GlobalSection(SolutionProperties) = preSolution
		HideSolutionNode = FALSE
	EndGlobalSection
	GlobalSection(ProjectConfigurationPlatforms) = postSolution
		{0EBBFDDE-478F-49BF-9640-175926F7AFE1}.Debug|Any CPU.ActiveCfg = Debug|Any CPU
		{0EBBFDDE-478F-49BF-9640-175926F7AFE1}.Debug|Any CPU.Build.0 = Debug|Any CPU
		{0EBBFDDE-478F-49BF-9640-175926F7AFE1}.Release|Any CPU.ActiveCfg = Release|Any CPU
		{0EBBFDDE-478F-49BF-9640-175926F7AFE1}.Release|Any CPU.Build.0 = Release|Any CPU
		{C7E42D5B-1189-4AAC-9551-A16FC9472D6C}.Debug|Any CPU.ActiveCfg = Debug|Any CPU
		{C7E42D5B-1189-4AAC-9551-A16FC9472D6C}.Debug|Any CPU.Build.0 = Debug|Any CPU
		{C7E42D5B-1189-4AAC-9551-A16FC9472D6C}.Release|Any CPU.ActiveCfg = Release|Any CPU
		{C7E42D5B-1189-4AAC-9551-A16FC9472D6C}.Release|Any CPU.Build.0 = Release|Any CPU
		{000D5101-CB24-44CC-B9FB-2239CD3DF739}.Debug|Any CPU.ActiveCfg = Debug|Any CPU
		{000D5101-CB24-44CC-B9FB-2239CD3DF739}.Debug|Any CPU.Build.0 = Debug|Any CPU
		{000D5101-CB24-44CC-B9FB-2239CD3DF739}.Release|Any CPU.ActiveCfg = Release|Any CPU
		{000D5101-CB24-44CC-B9FB-2239CD3DF739}.Release|Any CPU.Build.0 = Release|Any CPU
		{9CF7EEF6-E7C4-4DBF-9E71-ACDB77DC276F}.Debug|Any CPU.ActiveCfg = Debug|Any CPU
		{9CF7EEF6-E7C4-4DBF-9E71-ACDB77DC276F}.Debug|Any CPU.Build.0 = Debug|Any CPU
		{9CF7EEF6-E7C4-4DBF-9E71-ACDB77DC276F}.Release|Any CPU.ActiveCfg = Release|Any CPU
		{9CF7EEF6-E7C4-4DBF-9E71-ACDB77DC276F}.Release|Any CPU.Build.0 = Release|Any CPU
		{178D1E07-E1E3-4ACE-95E6-1BA640A1E1FE}.Debug|Any CPU.ActiveCfg = Debug|Any CPU
		{178D1E07-E1E3-4ACE-95E6-1BA640A1E1FE}.Debug|Any CPU.Build.0 = Debug|Any CPU
		{178D1E07-E1E3-4ACE-95E6-1BA640A1E1FE}.Release|Any CPU.ActiveCfg = Release|Any CPU
		{178D1E07-E1E3-4ACE-95E6-1BA640A1E1FE}.Release|Any CPU.Build.0 = Release|Any CPU
	EndGlobalSection
EndGlobal
