
Microsoft Visual Studio Solution File, Format Version 12.00
# Visual Studio Version 17
VisualStudioVersion = 17.5.002.0
MinimumVisualStudioVersion = 10.0.40219.1
Project("{9A19103F-16F7-4668-BE54-9A1E7A4F7556}") = "SecretsAgent", "SecretsAgent.csproj", "{F51C7879-AED1-417D-B593-E3AD783CD5A5}"
EndProject
Global
	GlobalSection(SolutionConfigurationPlatforms) = preSolution
		Debug|Any CPU = Debug|Any CPU
		Release|Any CPU = Release|Any CPU
	EndGlobalSection
	GlobalSection(ProjectConfigurationPlatforms) = postSolution
		{F51C7879-AED1-417D-B593-E3AD783CD5A5}.Debug|Any CPU.ActiveCfg = Debug|Any CPU
		{F51C7879-AED1-417D-B593-E3AD783CD5A5}.Debug|Any CPU.Build.0 = Debug|Any CPU
		{F51C7879-AED1-417D-B593-E3AD783CD5A5}.Release|Any CPU.ActiveCfg = Release|Any CPU
		{F51C7879-AED1-417D-B593-E3AD783CD5A5}.Release|Any CPU.Build.0 = Release|Any CPU
	EndGlobalSection
	GlobalSection(SolutionProperties) = preSolution
		HideSolutionNode = FALSE
	EndGlobalSection
	GlobalSection(ExtensibilityGlobals) = postSolution
		SolutionGuid = {9B46E063-BB40-435A-8019-26F8FE916CC3}
	EndGlobalSection
EndGlobal
